
Microsoft Visual Studio Solution File, Format Version 12.00
# Visual Studio Version 17
VisualStudioVersion = 17.10.35027.167
MinimumVisualStudioVersion = 10.0.40219.1
Project("{FAE04EC0-301F-11D3-BF4B-00C04F79EFBC}") = "StarRailLauncher", "StarRailLauncher.csproj", "{B9E1C4C4-7226-4C76-85FD-581A97743711}"
EndProject
Global
	GlobalSection(SolutionConfigurationPlatforms) = preSolution
		Debug|Any CPU = Debug|Any CPU
		Release|Any CPU = Release|Any CPU
	EndGlobalSection
	GlobalSection(ProjectConfigurationPlatforms) = postSolution
		{B9E1C4C4-7226-4C76-85FD-581A97743711}.Debug|Any CPU.ActiveCfg = Debug|Any CPU
		{B9E1C4C4-7226-4C76-85FD-581A97743711}.Debug|Any CPU.Build.0 = Debug|Any CPU
		{B9E1C4C4-7226-4C76-85FD-581A97743711}.Release|Any CPU.ActiveCfg = Release|Any CPU
		{B9E1C4C4-7226-4C76-85FD-581A97743711}.Release|Any CPU.Build.0 = Release|Any CPU
	EndGlobalSection
	GlobalSection(SolutionProperties) = preSolution
		HideSolutionNode = FALSE
	EndGlobalSection
	GlobalSection(ExtensibilityGlobals) = postSolution
		SolutionGuid = {CCA1C632-18E2-48C8-B76A-58DDC87B308A}
	EndGlobalSection
EndGlobal
